<?xml version="1.0" encoding="utf-8"?>
<Project ToolsVersion="4.0" xmlns="http://schemas.microsoft.com/developer/msbuild/2003">
  <ItemGroup>
    <Filter Include="Cage">
      <UniqueIdentifier>{3577837C-21AE-840D-CA9A-6A10B6B0000F}</UniqueIdentifier>
    </Filter>
  </ItemGroup>
  <ItemGroup>
    <ClInclude Include="src\Cage.h" />
    <ClInclude Include="src\Cage\Application.h">
      <Filter>Cage</Filter>
    </ClInclude>
    <ClInclude Include="src\Cage\Core.h">
      <Filter>Cage</Filter>
    </ClInclude>
    <ClInclude Include="src\Cage\EntryPoint.h">
      <Filter>Cage</Filter>
    </ClInclude>
    <ClInclude Include="src\Cage\Log.h">
      <Filter>Cage</Filter>
    </ClInclude>
  </ItemGroup>
  <ItemGroup>
    <ClCompile Include="src\Cage\Application.cpp">
      <Filter>Cage</Filter>
    </ClCompile>
    <ClCompile Include="src\Cage\Log.cpp">
      <Filter>Cage</Filter>
    </ClCompile>
  </ItemGroup>
</Project>